github.com/dmznlin/znlib-go v0.0.5 h1:pJAForGoHIvyi/LNhotE3TnCdKNHIM2qNci1EO73LDY=
github.com/dmznlin/znlib-go v0.0.5/go.mod h1:TtUAm8EIT/+E4KE9T2A+zG227etlZ5tAMyBu97Et1Ik=
github.com/goburrow/serial v0.1.0 h1:v2T1SQa/dlUqQiYIT8+Cu7YolfqAi3K96UmhwYyuSrA=
github.com/goburrow/serial v0.1.0/go.mod h1:sAiqG0nRVswsm1C97xsttiYCzSLBmUZ/VSlVLZJ8haA=
golang.org/x/text v0.33.0 h1:B3njUFyqtHDUI5jMn1YIr5B0IE2U0qck04r6d4KPAxE=
golang.org/x/text v0.33.0/go.mod h1:LuMebE6+rBincTi9+xWTY8TztLzKHc/9C1uBCG27+q8=
